
Microsoft Visual Studio Solution File, Format Version 12.00
# Visual Studio Version 17
VisualStudioVersion = 17.11.35327.3
MinimumVisualStudioVersion = 10.0.40219.1
Project("{FAE04EC0-301F-11D3-BF4B-00C04F79EFBC}") = "BasicGraphQL.Api", "BasicGraphQL.Api\BasicGraphQL.Api.csproj", "{31FBA9F9-153B-4DA6-BA30-807C5FE51D38}"
EndProject
Project("{FAE04EC0-301F-11D3-BF4B-00C04F79EFBC}") = "BasicGraphQL.Application", "BasicGraphQL.Application\BasicGraphQL.Application.csproj", "{96AC6747-7777-4305-BCE1-4C53B9C0F84C}"
EndProject
Project("{FAE04EC0-301F-11D3-BF4B-00C04F79EFBC}") = "BasicGraphQL.Domain", "BasicGraphQL.Domain\BasicGraphQL.Domain.csproj", "{06345E74-7442-4244-A927-77ED7301CCEB}"
EndProject
Project("{FAE04EC0-301F-11D3-BF4B-00C04F79EFBC}") = "BasicGraphQL.Infrastructure", "BasicGraphQL.Infrastructure\BasicGraphQL.Infrastructure.csproj", "{43FEF479-26A0-4A46-B976-BC73FD71DAFD}"
EndProject
Global
	GlobalSection(SolutionConfigurationPlatforms) = preSolution
		Debug|Any CPU = Debug|Any CPU
		Release|Any CPU = Release|Any CPU
	EndGlobalSection
	GlobalSection(ProjectConfigurationPlatforms) = postSolution
		{31FBA9F9-153B-4DA6-BA30-807C5FE51D38}.Debug|Any CPU.ActiveCfg = Debug|Any CPU
		{31FBA9F9-153B-4DA6-BA30-807C5FE51D38}.Debug|Any CPU.Build.0 = Debug|Any CPU
		{31FBA9F9-153B-4DA6-BA30-807C5FE51D38}.Release|Any CPU.ActiveCfg = Release|Any CPU
		{31FBA9F9-153B-4DA6-BA30-807C5FE51D38}.Release|Any CPU.Build.0 = Release|Any CPU
		{96AC6747-7777-4305-BCE1-4C53B9C0F84C}.Debug|Any CPU.ActiveCfg = Debug|Any CPU
		{96AC6747-7777-4305-BCE1-4C53B9C0F84C}.Debug|Any CPU.Build.0 = Debug|Any CPU
		{96AC6747-7777-4305-BCE1-4C53B9C0F84C}.Release|Any CPU.ActiveCfg = Release|Any CPU
		{96AC6747-7777-4305-BCE1-4C53B9C0F84C}.Release|Any CPU.Build.0 = Release|Any CPU
		{06345E74-7442-4244-A927-77ED7301CCEB}.Debug|Any CPU.ActiveCfg = Debug|Any CPU
		{06345E74-7442-4244-A927-77ED7301CCEB}.Debug|Any CPU.Build.0 = Debug|Any CPU
		{06345E74-7442-4244-A927-77ED7301CCEB}.Release|Any CPU.ActiveCfg = Release|Any CPU
		{06345E74-7442-4244-A927-77ED7301CCEB}.Release|Any CPU.Build.0 = Release|Any CPU
		{43FEF479-26A0-4A46-B976-BC73FD71DAFD}.Debug|Any CPU.ActiveCfg = Debug|Any CPU
		{43FEF479-26A0-4A46-B976-BC73FD71DAFD}.Debug|Any CPU.Build.0 = Debug|Any CPU
		{43FEF479-26A0-4A46-B976-BC73FD71DAFD}.Release|Any CPU.ActiveCfg = Release|Any CPU
		{43FEF479-26A0-4A46-B976-BC73FD71DAFD}.Release|Any CPU.Build.0 = Release|Any CPU
	EndGlobalSection
	GlobalSection(SolutionProperties) = preSolution
		HideSolutionNode = FALSE
	EndGlobalSection
	GlobalSection(ExtensibilityGlobals) = postSolution
		SolutionGuid = {6AC93B18-7954-412F-BF48-C82DACC01169}
	EndGlobalSection
EndGlobal
